{
  "name": "boystrange.github.io",
  "lockfileVersion": 2,
  "requires": true,
  "packages": {
    "": {
      "dependencies": {
        "frow": "^4.0.0"
      }
    },
    "node_modules/frow": {
      "version": "4.0.0",
      "resolved": "https://registry.npmjs.org/frow/-/frow-4.0.0.tgz",
      "integrity": "sha512-wWYpSbbA67/Zuo6HkerVzrW7M7t/UC5MNmEBJHBQGi7HMzwnpti4E/lZS3Zyndi4Hmk6Yf9SzvHcLJ8ohfs3vA=="
    }
  },
  "dependencies": {
    "frow": {
      "version": "4.0.0",
      "resolved": "https://registry.npmjs.org/frow/-/frow-4.0.0.tgz",
      "integrity": "sha512-wWYpSbbA67/Zuo6HkerVzrW7M7t/UC5MNmEBJHBQGi7HMzwnpti4E/lZS3Zyndi4Hmk6Yf9SzvHcLJ8ohfs3vA=="
    }
  }
}
